github.com/antlr4-go/antlr/v4 v4.13.1 h1:SqQKkuVZ+zWkMMNkjy5FZe5mr5WURWnlpmOuzYWrPrQ=
github.com/antlr4-go/antlr/v4 v4.13.1/go.mod h1:GKmUxMtwp6ZgGwZSva4eWPC5mS6vUAmOABFgjdkM7Nw=
github.com/davecgh/go-spew v1.1.1 h1:vj9j/u1bqnvCEfJOwUhtlOARqs3+rkHYY13jYWTU97c=
github.com/davecgh/go-spew v1.1.1/go.mod h1:J7Y8YcW2NihsgmVo/mv3lAwl/skON4iLHjSsI+c5H38=
github.com/destel/rill v0.8.1 h1:tJTit7kljOy2i2kqP4zHG1dUA452VpMK/myYRy5SY28=
github.com/destel/rill v0.8.1/go.mod h1:srKuXzvGqINUEGYR5b/iwvW+L9/S35RxVHWGYbXNoO4=
github.com/gloo-foo/cmd-base64 v0.1.13 h1:53q0SSIzzEMvrjFpzA7DM3+bm7aCAHBZc2SazyivNdQ=
github.com/gloo-foo/cmd-base64 v0.1.13/go.mod h1:FdWP8qd14Jn23k9BRGWoA+oayqWKPmX3kYIQjWaMQ48=
github.com/gloo-foo/cmd-basename v0.1.17 h1:XuRl68YbPZkYCvdVO6RrGw7gByHT6/aEIyMayqiYkCU=
github.com/gloo-foo/cmd-basename v0.1.17/go.mod h1:smWc9YqZPjibIDJ2GX1JeLxEmjtVh23JykDlw0ERGv8=
github.com/gloo-foo/cmd-cat v0.1.12 h1:/UkbjbqPchmVCmhBd00WROj2A09FujudGNs6s+lJtQY=
github.com/gloo-foo/cmd-cat v0.1.12/go.mod h1:Lqm8v/hQY18M81o8rGFMiKAgHAaH5JnbItNBwcCSrfY=
github.com/gloo-foo/cmd-comm v0.1.18 h1:2cnEpCcmK324FHa75p5XM4EgQZ25mbrdhnT8WlDqJcE=
github.com/gloo-foo/cmd-comm v0.1.18/go.mod h1:cQZQkgQUD42bTXLQ7MuZ3d9pkDuW8i/2uN91WpBxriY=
github.com/gloo-foo/cmd-cut v0.1.13 h1:dtYV48EOiwXklSr36e7rqNqrCGH8PeoDYyMv+lCmTck=
github.com/gloo-foo/cmd-cut v0.1.13/go.mod h1:1tG7Ei/MjAjVA2acZCCdRUtGIzKCLOuM/aTV0Kci1Mg=
github.com/gloo-foo/cmd-diff v0.1.15 h1:EkIM5dMmxS+CPF5L8XxCagU8XR5kjtzS68JIUjiLhZ4=
github.com/gloo-foo/cmd-diff v0.1.15/go.mod h1:8N/7VTWnuAjHD+jr9XXrNBjYGhICtmqTIQnvYKe1ENw=
github.com/gloo-foo/cmd-dirname v0.1.13 h1:aaYybZCdRgF0nm9JyO0Cbv707ZqMZWlesSDn5H5VE20=
github.com/gloo-foo/cmd-dirname v0.1.13/go.mod h1:bSt94WqCT27+HeG5E25O6Ak3YJTwC1c2n8WiFDsTLKQ=
github.com/gloo-foo/cmd-echo v0.1.13 h1:qJtWIltsKGBryHfeOgc6rqMiR84ftcouLE16wcJhRuY=
github.com/gloo-foo/cmd-echo v0.1.13/go.mod h1:mHIgiyTYQknz0ivEUTXCQ1ebgPQ+1ohoCzO0+1l4M14=
github.com/gloo-foo/cmd-emit v0.1.17 h1:QYi1QvOndD92zUwxa//+9ZY46QEgU8uA6QIN57B4AS4=
github.com/gloo-foo/cmd-emit v0.1.17/go.mod h1:X/kzz8xmmtH3I3JetPnpM3ENx8uOrRbVEJs/Gd/IYc4=
github.com/gloo-foo/cmd-exec v0.1.12 h1:tkAOKaTImUTe68zIxKN2VhRZRxVC3prj7p27e/PBAsk=
github.com/gloo-foo/cmd-exec v0.1.12/go.mod h1:PgT5XlFyTo31H/IQ46MGPsuWHnKTF1EMR9DYKAez9Bc=
github.com/gloo-foo/cmd-find v0.1.12 h1:rKYoLSiE4drJ5WL2CHE4MiR5VKVKsds6Byv8HF7hqPo=
github.com/gloo-foo/cmd-find v0.1.12/go.mod h1:kOoFWzNtWcDvlhm6oMYKxc7xLShtWLBPpcH0APcStAc=
github.com/gloo-foo/cmd-git v0.1.12 h1:ES4aCq6Z1vQ8FjuaSxfo2q5v8+4isDVQEwdSdQXjg1w=
github.com/gloo-foo/cmd-git v0.1.12/go.mod h1:uSXifFXVGeaydLfTKIolnusMjf0O5GEEXLivE/Jby1M=
github.com/gloo-foo/cmd-grep v0.1.18 h1:SCQTk24Dueqb5z6VGiuAuynhOJNzlgp6kA9ff/KuRmI=
github.com/gloo-foo/cmd-grep v0.1.18/go.mod h1:1ZAQU9P6IZeCLdGr2MMWTLpW7XOxeCOfZfBZgMWLnj4=
github.com/gloo-foo/cmd-head v0.1.16 h1:ZgfcsmoNOdIHvX/DiZ/TBDF6WpOS//5ZW7esnynEoeU=
github.com/gloo-foo/cmd-head v0.1.16/go.mod h1:cjhJzdYaaAgdb21SHLHfH953Tz3WOoVbsqzwlsWtMP4=
github.com/gloo-foo/cmd-hexdump v0.1.15 h1:NTOrqR0OUOKrFH8RKEkQiGxsH7QxiaAjyYddWKdbEXg=
github.com/gloo-foo/cmd-hexdump v0.1.15/go.mod h1:o2fgMPnpTS4IvMQdGDNCywkg8kmgZvT0/KEQhhjUPkE=
github.com/gloo-foo/cmd-join v0.1.16 h1:MmxEjNPF8vq3QA05o2fGDTc4upOk6rss+/yH0ejWYC4=
github.com/gloo-foo/cmd-join v0.1.16/go.mod h1:osCfoOKVLvDpIwgGRZsT37HoGvP6qdia7wOrdCycZig=
github.com/gloo-foo/cmd-json v0.1.23 h1:VZZls2jggBXzBldshoXgdb8DanTeDGS1O4/uHq79FLQ=
github.com/gloo-foo/cmd-json v0.1.23/go.mod h1:2DzpFvIvnnVFbKnXD1HI8Q0Y9l5FjXA1BcQF5vhNPU0=
github.com/gloo-foo/cmd-ls v0.1.13 h1:DsGfAZzr/cW8TgxH0TEic8Dkn2E7PyrwDhb1qXkX8jQ=
github.com/gloo-foo/cmd-ls v0.1.13/go.mod h1:C7FJaBRf7gJUNvQKRSamOv5zJPaakc4W3n1orvPrLlk=
github.com/gloo-foo/cmd-nl v0.1.17 h1:12M2fArz6OkWb6mC/YUUwKcpM1drQ8euHyFx/H1/Jcg=
github.com/gloo-foo/cmd-nl v0.1.17/go.mod h1:SXvBFn7faX9DbbpBMjDlDx2mQLchxx71j0jMxS7ma4I=
github.com/gloo-foo/cmd-paste v0.1.12 h1:xqQNIQKuf+ZTkWPrqGkl1eE8Hx6oyMgtC3lkykpHi6s=
github.com/gloo-foo/cmd-paste v0.1.12/go.mod h1:oPkwUePfLuVJobAi63zRzKBQvVj59h/+r+pjviSCO/0=
github.com/gloo-foo/cmd-perl v0.1.12 h1:KxTTz843H/UN1xIiqi+uxbv7n76Z78Tocu1dv5L7tR4=
github.com/gloo-foo/cmd-perl v0.1.12/go.mod h1:5RhLWGP9w5T0Jwu7vW4tugHGzDJFFPufxeoZIbzxjeI=
github.com/gloo-foo/cmd-rev v0.1.12 h1:92/5Letj6KZOQQB5zpAhJTqf9gV83YE8sc5MuvAsvk0=
github.com/gloo-foo/cmd-rev v0.1.12/go.mod h1:8dulMaM0OWAXXFzkdS+mk2KeT28beVzt/3EQ47Zzt/g=
github.com/gloo-foo/cmd-sed v0.1.16 h1:mCZ+IPALM+Pq/mpG7KYy3BiOXzaCBNyo8T+HBoLC164=
github.com/gloo-foo/cmd-sed v0.1.16/go.mod h1:CRUsqYpYAjjar4UIWR4gGbLRYowdaz5dT6GOID9fqTk=
github.com/gloo-foo/cmd-seq v0.1.16 h1:Hln0uUpJHD0soPOeuvQokT7xpXrPd74lMs2c82Mkz3M=
github.com/gloo-foo/cmd-seq v0.1.16/go.mod h1:VjjDDgNNiAR0iboccl238js4kydj3OkIeW2oQAy3eMQ=
github.com/gloo-foo/cmd-shuf v0.1.12 h1:K6e5Ter2ghd7WRVKCcPMlsXUbq8/gaNgX6U4CR5M+tw=
github.com/gloo-foo/cmd-shuf v0.1.12/go.mod h1:emUwmTAW3VFSPgce60aEA7igvXjbSi7wJvqPRh+6hmA=
github.com/gloo-foo/cmd-sort v0.1.15 h1:9dorLjclNpV9bmQ39ownri3RokFBx86HIiy7pzbPDIY=
github.com/gloo-foo/cmd-sort v0.1.15/go.mod h1:5USPJjAaYohI5gkisW26Y2XQnlj/si6EuKwSRAQt/0E=
github.com/gloo-foo/cmd-split v0.1.13 h1:w0Y03pRZ+cANzQ7NGgahopY1Js6Fvnizz2soqBBYtGQ=
github.com/gloo-foo/cmd-split v0.1.13/go.mod h1:VDFlwPv/CajeG5S3GYS9M+9uXqpb4wnCCk+6aVB2poo=
github.com/gloo-foo/cmd-tac v0.1.12 h1:nvX4VL6EnMEMoOTf7aK0B2rzcPm4TNFF72ve6M4FvLY=
github.com/gloo-foo/cmd-tac v0.1.12/go.mod h1:twZgCYWuV9a3ezztHoFNdmtH8V7qrYcRNzfM2jul87c=
github.com/gloo-foo/cmd-tail v0.1.16 h1:e+3gkGFHdSOb7gvbmlkPRsqvReLcIbqBsleZvMscKzg=
github.com/gloo-foo/cmd-tail v0.1.16/go.mod h1:WjoMYw3NqBOsblzdHaiYe9QMF7DTvflyk7QeuPyWEO0=
github.com/gloo-foo/cmd-tee v0.1.13 h1:szAgqumB12vEvVFBUrWLQdIiSTka16FSYHIsMoQYp2U=
github.com/gloo-foo/cmd-tee v0.1.13/go.mod h1:OCnvhNf9JK8SUxBWZcgqM0+8pKyIG8YfrwFVT0iKe68=
github.com/gloo-foo/cmd-tr v0.1.12 h1:4YOVOCuPbnDe7yeqVxAMqycZcMMpjoXVc7++uBkrOII=
github.com/gloo-foo/cmd-tr v0.1.12/go.mod h1:veLGFAPiYhx805MTlqQDsGJXT7H/xcQg2dpxWOY3Vic=
github.com/gloo-foo/cmd-uniq v0.1.15 h1:CGd+KLEkVyof0udcWJZdg9zWZReBp1ebVgY0KRdxxnM=
github.com/gloo-foo/cmd-uniq v0.1.15/go.mod h1:eXF81ErIClGhz148R6TbS639XCRoOU1eQsV6HzpC0PA=
github.com/gloo-foo/cmd-wc v0.1.13 h1:52UoR+rkVQE/tPYhdzcZAb1D+rNHpxvL1DCFWTc7o9c=
github.com/gloo-foo/cmd-wc v0.1.13/go.mod h1:AwaUBtfUIP7En+PwslkDlOWUpuWQ24SVzrYAVJ7H7jE=
github.com/gloo-foo/cmd-xargs v0.1.15 h1:bMYvq6JwtS1INy9FAuJBjT/lmwE+9hEdCHyFxiuBRfI=
github.com/gloo-foo/cmd-xargs v0.1.15/go.mod h1:Fddtu9LJ4ps5an84CNLmuDpdZynGRStG+dC6MqKc4bM=
github.com/gloo-foo/cmd-yes v0.1.15 h1:QWqrz/F8VyELTPZl8xviIVJDW2ludos7IHqla1VywoA=
github.com/gloo-foo/cmd-yes v0.1.15/go.mod h1:jcti/7tH72nMf1Waeh/BrkT61+rUQKsEdEuKixMgY/A=
github.com/gloo-foo/fn v0.1.12 h1:VBF8EB+CdY68XK9/lJTSH5PLJEQFurOKCQesa/HCOuc=
github.com/gloo-foo/fn v0.1.12/go.mod h1:ixxNnbkzhOK99gVe9Jj1EJzCMr/V80Tey5U4OV/tonQ=
github.com/gloo-foo/framework v0.1.23 h1:BygfWK8raU+wX71+wnbEwKddqaDzogMPmggvZY3DWZc=
github.com/gloo-foo/framework v0.1.23/go.mod h1:j2htYQLlcBk1Y1I3ffTVEz0rzlYSUNijyInoe/wAUlI=
github.com/gloo-foo/testable v0.1.18 h1:ei+r3E/JuqcbWmEr9aD+7eI1+edk9L0pnUH5L8dryYs=
github.com/gloo-foo/testable v0.1.18/go.mod h1:teCVcthskhPWThMX7W59Vmcgqs13gvEw8ZnaRRQV10w=
github.com/gomatic/cirql v0.1.17 h1:wENbjCE9qe7hMU2eVGxB6fB9dJ1M5YYEEqMlBI1mbAI=
github.com/gomatic/cirql v0.1.17/go.mod h1:waQbYpyUg22mtnAB7pYCTvECVU+irBUxNjNE+8fBVlo=
github.com/gomatic/go-error v0.3.14 h1:dDdQ3nY4tStJH4GTZNN2DoIU8zIGr1u28SGDAJZ1xws=
github.com/gomatic/go-error v0.3.14/go.mod h1:QVlrIcHreFp6u7n5UZiez8+eDllnV8eWP3vlDHSWnCo=
github.com/gomatic/go-json v0.0.11 h1:vrjkL/3klgS/rUfZCOIi5xvOurRxI2uDA61VSwwTfT0=
github.com/gomatic/go-json v0.0.11/go.mod h1:jzwXoZ++YC9Rwjlp02LUjJc4K1CBJFS08GbZQZV/OwU=
github.com/pmezard/go-difflib v1.0.0 h1:4DBwDE0NGyQoBHbLQYPwSUPoCMWR5BEzIk/f1lZbAQM=
github.com/pmezard/go-difflib v1.0.0/go.mod h1:iKH77koFhYxTK1pcRnkKkqfTogsbg7gZNVY4sRDYZ/4=
github.com/spf13/afero v1.15.0 h1:b/YBCLWAJdFWJTN9cLhiXXcD7mzKn9Dm86dNnfyQw1I=
github.com/spf13/afero v1.15.0/go.mod h1:NC2ByUVxtQs4b3sIUphxK0NioZnmxgyCrfzeuq8lxMg=
github.com/stretchr/testify v1.11.1 h1:7s2iGBzp5EwR7/aIZr8ao5+dra3wiQyKjjFuvgVKu7U=
github.com/stretchr/testify v1.11.1/go.mod h1:wZwfW3scLgRK+23gO65QZefKpKQRnfz6sD981Nm4B6U=
golang.org/x/exp v0.0.0-20260709172345-9ea1abe57597 h1:qLvzZeaANDgyVOA8pyHCOStGlXn0rseXma+GQjeuv2g=
golang.org/x/exp v0.0.0-20260709172345-9ea1abe57597/go.mod h1:EdfpwwqSu+0Li0mzskwHU6FWDV3t9Q+RZDo3QMUtL3Q=
golang.org/x/sys v0.47.0 h1:o7XGOvZQCADBQQ4Y7VNq2dRWQR7JmOUW8Kxx4ZsNgWs=
golang.org/x/sys v0.47.0/go.mod h1:4GL1E5IUh+htKOUEOaiffhrAeqysfVGipDYzABqnCmw=
golang.org/x/term v0.45.0 h1:NwWyBmoJCbfTHpxrWoZ9C6/VxOf7ic219I8xZZFdrf0=
golang.org/x/term v0.45.0/go.mod h1:9aqxs0blBcrm/n0L9QW0aRVD+ktan8ssZromtqJC43w=
golang.org/x/text v0.40.0 h1:Ub2Z6/xjgF1WrYQz2nuITOEegKFtiIy+rieRJ5lHZKs=
golang.org/x/text v0.40.0/go.mod h1:hpnzDAfGV753zIKo+wk3u1bVKCGPbrnF7+7LBF/UHVY=
gopkg.in/yaml.v3 v3.0.1 h1:fxVm/GzAzEWqLHuvctI91KS9hhNmmWOoWu0XTYJS7CA=
gopkg.in/yaml.v3 v3.0.1/go.mod h1:K4uyk7z7BCEPqu6E+C64Yfv1cQ7kz7rIZviUmN+EgEM=
