github.com/antlr4-go/antlr/v4 v4.13.1 h1:SqQKkuVZ+zWkMMNkjy5FZe5mr5WURWnlpmOuzYWrPrQ=
github.com/antlr4-go/antlr/v4 v4.13.1/go.mod h1:GKmUxMtwp6ZgGwZSva4eWPC5mS6vUAmOABFgjdkM7Nw=
github.com/destel/rill v0.8.1 h1:tJTit7kljOy2i2kqP4zHG1dUA452VpMK/myYRy5SY28=
github.com/destel/rill v0.8.1/go.mod h1:srKuXzvGqINUEGYR5b/iwvW+L9/S35RxVHWGYbXNoO4=
github.com/gloo-foo/cmd-base64 v0.0.0-20260630225541-f517efd5b372 h1:/Sp8awOrwqri3Sdmfq54TAZq4PnHiJiIcUvxbgXMkS4=
github.com/gloo-foo/cmd-base64 v0.0.0-20260630225541-f517efd5b372/go.mod h1:2pVrl2h7mU4iU8vOB+3uFBCSfj+ljIqxj+t7D4ch/sk=
github.com/gloo-foo/cmd-basename v0.0.0-20260630225545-32dd480c256c h1:yEyEIGtp3a5xOr7tuvqLZc0gVxM+XJoR7sZlScrFQ5Q=
github.com/gloo-foo/cmd-basename v0.0.0-20260630225545-32dd480c256c/go.mod h1:GSJD1mbNyawFlvEa7MYw1GTBjhP2/s2OOO9umKGOFA8=
github.com/gloo-foo/cmd-cat v0.0.0-20260630225504-74017b3cfbcd h1:9XQW6YogR1Gdlj5GSdFthjVxGAugrBdvD0r43XdNBJk=
github.com/gloo-foo/cmd-cat v0.0.0-20260630225504-74017b3cfbcd/go.mod h1:7I3hiuwbosUwZNwDxJ87M4Z6+ZaQ4Syz4W0boYd4UdY=
github.com/gloo-foo/cmd-comm v0.0.0-20260630225552-0c59e7c52b52 h1:/jsFOTRjSLtu+CUR9UBBYt2aMPkoMiDkpYST2/b+9BA=
github.com/gloo-foo/cmd-comm v0.0.0-20260630225552-0c59e7c52b52/go.mod h1:leaRRs96PdELqAIU+RYAwHDUX3eT4W7Dr5gzVNzmqt8=
github.com/gloo-foo/cmd-cut v0.0.0-20260630225556-abf49e3d7e6b h1:Yd92o7cU/JzxZAbwZcTsQlPH43TvcRMZgVDYWkxKE6o=
github.com/gloo-foo/cmd-cut v0.0.0-20260630225556-abf49e3d7e6b/go.mod h1:mweJFOviPYhwLW9PbHHOS1RXfCPhTybeXSpM0/D5B3g=
github.com/gloo-foo/cmd-diff v0.0.0-20260630225600-c453a028ab62 h1:IJ1GksCMpLOyF8wM3K2r2M11aqyJnNJy+x/7zPQNPsk=
github.com/gloo-foo/cmd-diff v0.0.0-20260630225600-c453a028ab62/go.mod h1:0uf/FCy4kSJDlcI1jvuIFUeWmfh0gVSLrPabHo5RJ8g=
github.com/gloo-foo/cmd-dirname v0.0.0-20260630225604-1319a85ea12c h1:sNjoH4miZgNxq7qpORAyp3+LAgE1idN7sE56uNKBcyQ=
github.com/gloo-foo/cmd-dirname v0.0.0-20260630225604-1319a85ea12c/go.mod h1:FTCgVGc4mgovKM6X3NT1CrvHzRHKPx+T4+CfLBd1siQ=
github.com/gloo-foo/cmd-echo v0.0.0-20260630225508-cbdfeebc89f3 h1:xH7rz9vHhfHJm+e7hgZ4lrNyS5Ep2/94qCWB5KhuqoY=
github.com/gloo-foo/cmd-echo v0.0.0-20260630225508-cbdfeebc89f3/go.mod h1:rQVfta6I2IWj2fA3F5/WVvwIS2LWLvciPIbOUx5QyJU=
github.com/gloo-foo/cmd-emit v0.0.0-20260630225607-3bd2df3453c4 h1:yBYeqb8AI42QaW6pGx82Ryp9dL9TLrKYEPM7/eyLc5Y=
github.com/gloo-foo/cmd-emit v0.0.0-20260630225607-3bd2df3453c4/go.mod h1:PlJucVtzP9B4T8wX/wTTKOorIJVUzWHcDy3vYJfKvNo=
github.com/gloo-foo/cmd-exec v0.0.0-20260630225611-d09d7484b41f h1:v2wPXf8NXywLhi3r4nClnIFuqmkpE101dGWONyGP7hI=
github.com/gloo-foo/cmd-exec v0.0.0-20260630225611-d09d7484b41f/go.mod h1:Pu27Yduc4EjxVZOPbMdN87KourJaOro7DViLaVTagj4=
github.com/gloo-foo/cmd-find v0.0.0-20260630225614-59c4079d2c8c h1:ve3+UYL0QljWz/0SRDf1kSOAho7uLzcob6+Npo7YG5M=
github.com/gloo-foo/cmd-find v0.0.0-20260630225614-59c4079d2c8c/go.mod h1:MqE3+LoPWULegDC5LikCMGGSBZigywZm7KrppuASyWA=
github.com/gloo-foo/cmd-git v0.0.0-20260630225618-ad3d45dcaf4d h1:KYRRD22ntpbrUPXORAeHAiMzaLw/OE7ECxpSrC2iUvs=
github.com/gloo-foo/cmd-git v0.0.0-20260630225618-ad3d45dcaf4d/go.mod h1:9r/plnxVreSpwtsZmLjEhdwrrzPEJ8LjAdI6Pcv9lE0=
github.com/gloo-foo/cmd-grep v0.0.0-20260630225622-d4616db9b834 h1:kTD98Eq273zZg2YezKL56HPBSAmm4Wm8+MMaCx44H4A=
github.com/gloo-foo/cmd-grep v0.0.0-20260630225622-d4616db9b834/go.mod h1:JF5Xfkwh0TtBAV1NxPVjULGhC6Z0/Gv86QxNVgyKgek=
github.com/gloo-foo/cmd-head v0.0.0-20260630225626-33e19984e965 h1:1yxR7RzEd2MZWpLzAci3WoqrV7rZ0cj/C2SXmJiGMfY=
github.com/gloo-foo/cmd-head v0.0.0-20260630225626-33e19984e965/go.mod h1:7cF9DLG8WaVO/tt1lktCVzxCGY78jqxp7Z7BXih8OcA=
github.com/gloo-foo/cmd-hexdump v0.0.0-20260630225629-c5f51a53aa2d h1:1Mit/49cJaGsEyoNZPugiOvaXfwQMUDghFQM0Jvwv8s=
github.com/gloo-foo/cmd-hexdump v0.0.0-20260630225629-c5f51a53aa2d/go.mod h1:D+pHtOL0o4uLnBxgEXm117jOBJT/LQZRpE6ZcM9ST40=
github.com/gloo-foo/cmd-join v0.0.0-20260630225633-ac7bcdb1c4f9 h1:qyP8A7RS9bBI0pWQUvMhz10tAnxykMte8twooBDlZHU=
github.com/gloo-foo/cmd-join v0.0.0-20260630225633-ac7bcdb1c4f9/go.mod h1:kI/ArL6W2xBCEvQXhrptpeTDaBe4IIBvRBLKF4EloXU=
github.com/gloo-foo/cmd-json v0.0.0-20260630225649-15efe9c1de7f h1:rh/hUWJYNcH6uZRMZOMmrKETB3Kcjdv4KfXWiY5wMQc=
github.com/gloo-foo/cmd-json v0.0.0-20260630225649-15efe9c1de7f/go.mod h1:K7E634cce1y/8JT3/xAPYgks1G+/1ACP6hb/5xmIUus=
github.com/gloo-foo/cmd-ls v0.0.0-20260630225653-32bcf10d3aec h1:DnhYpTjf0DKt6Ks8I/8URfltl/+QR1bYSeHZB8/+EUM=
github.com/gloo-foo/cmd-ls v0.0.0-20260630225653-32bcf10d3aec/go.mod h1:FVickPgEFa89e2N5F/4VzKO7Ota6mz9wc5Q3Zdz2rjs=
github.com/gloo-foo/cmd-nl v0.0.0-20260630225657-0107d8ef5f43 h1:dzKgbY/hAof3qawkCJoRPZD/Pv+Ty98QOMHw8HvnKIU=
github.com/gloo-foo/cmd-nl v0.0.0-20260630225657-0107d8ef5f43/go.mod h1:ukWgkJCaiVreQGhyoTKwXPYA3zV9D/Y96xdxR+cU2ic=
github.com/gloo-foo/cmd-paste v0.0.0-20260630225700-68b0b61c5b20 h1:1gJgOtLugDCnJopI2s1zS3LQT1HYIq405nYrunZ7uxk=
github.com/gloo-foo/cmd-paste v0.0.0-20260630225700-68b0b61c5b20/go.mod h1:ZvIqWGbIeslEMqIqOFVW3vB6zSAEM/nWdno6Jd3qCbM=
github.com/gloo-foo/cmd-perl v0.0.0-20260630225704-7213c3546f2b h1:F7xSb5vjKlBK+7pMtBiDYLGgE1mIqMPF+WNxS8eZEgw=
github.com/gloo-foo/cmd-perl v0.0.0-20260630225704-7213c3546f2b/go.mod h1:ZDfNwBaE1jGORO9NAYuhiH8wvMsTaafYJrLAVoBxqwk=
github.com/gloo-foo/cmd-rev v0.0.0-20260630225710-892822483f8d h1:rtB9HjTVpmwwj6mKkitrXu/Go0ADnLYFHYFHafdAbj8=
github.com/gloo-foo/cmd-rev v0.0.0-20260630225710-892822483f8d/go.mod h1:+7fMZRNMmyYD3z/91TuG+sa1/i5Y0vtm/FdlbWToWi0=
github.com/gloo-foo/cmd-sed v0.0.0-20260630225714-9d2a4b7ac72a h1:q+8hTInWKit6QqpO3BZ4kDI1rikNuk2z8grkZ34sqDo=
github.com/gloo-foo/cmd-sed v0.0.0-20260630225714-9d2a4b7ac72a/go.mod h1:qNDb64iaHujDNIQLAw/h9oFNggyjJXTdMVq6DDkzKmE=
github.com/gloo-foo/cmd-seq v0.0.0-20260630225718-cae7c944b9e7 h1:acS10MIiA7SBufqEpMHUVjD5U/4Q3AnsmgOFh279zMU=
github.com/gloo-foo/cmd-seq v0.0.0-20260630225718-cae7c944b9e7/go.mod h1:MU/AgbMazuhVZepQ820QNXV/zPT0/sAHRxwD6raLLU4=
github.com/gloo-foo/cmd-shuf v0.0.0-20260630225721-ce516a294bb7 h1:eJxDgLd3NQFIII6XiV9kT+n8wGVoEbbXwbXPksfYXio=
github.com/gloo-foo/cmd-shuf v0.0.0-20260630225721-ce516a294bb7/go.mod h1:HeIeGmHWhw+qkIiZ208fqnOs+y8RC+wnHZKJpFivakU=
github.com/gloo-foo/cmd-sort v0.0.0-20260630225724-a387a802444b h1:KS/YDIVErvN7HtrjzIlXb5nqKF9VfVTu93VZBAiBA+4=
github.com/gloo-foo/cmd-sort v0.0.0-20260630225724-a387a802444b/go.mod h1:ylr6lSlNlmt4w32awRMq/i/xgGCWMzi+Yvjb8GrqP8o=
github.com/gloo-foo/cmd-split v0.0.0-20260630225728-ef1cf488f944 h1:XsNeK1mYdNI1OZCrQDrko3C6SjoGaj3uYP2lbMjaihk=
github.com/gloo-foo/cmd-split v0.0.0-20260630225728-ef1cf488f944/go.mod h1:mxAqUu3GEWZOPgYR8x2t083YgCoMp9IQHoURTkwXFTo=
github.com/gloo-foo/cmd-tac v0.0.0-20260630225732-40fcae454cf8 h1:22TQNA33PsZygqbLBxGU4eJWwuUmk5JOvIELCXoPe+I=
github.com/gloo-foo/cmd-tac v0.0.0-20260630225732-40fcae454cf8/go.mod h1:nV228efyB2IOWj8CSd7kiDIAb33wzPIPgpHxGH6y8Ro=
github.com/gloo-foo/cmd-tail v0.0.0-20260630225736-6435c0c6d029 h1:qjv+oTQYzjfL2GFfZEudh+I15mZUynPi1jEcGGEtDAg=
github.com/gloo-foo/cmd-tail v0.0.0-20260630225736-6435c0c6d029/go.mod h1:JM7fy/9ZOuMDtf0liHXhBJrfbDCaKlLC9S+nCBiddVM=
github.com/gloo-foo/cmd-tee v0.0.0-20260630225841-cbd1a2a83c67 h1:nabzIy6CWpguE+TVOZkWgdG8WLWOMDt/UNc/grhCcx0=
github.com/gloo-foo/cmd-tee v0.0.0-20260630225841-cbd1a2a83c67/go.mod h1:KDIUFmx9ODRxeh/6r181fk1SCXgfOtwU7IKfhrHhmZU=
github.com/gloo-foo/cmd-tr v0.0.0-20260630225853-9293b4979390 h1:chDg5rvX+RPeth6iETTZBmiepjqEKv9rOo+fiAoKvHk=
github.com/gloo-foo/cmd-tr v0.0.0-20260630225853-9293b4979390/go.mod h1:23gNF3rJ/6e2f+bQsEOUPx2rakF2SQClPfe/42GN3x8=
github.com/gloo-foo/cmd-uniq v0.0.0-20260630225837-18cddd03cacf h1:EaEa0BO8qaod1Z8iLkzTB3O1tRsfUlkvnn/6IzxaSDg=
github.com/gloo-foo/cmd-uniq v0.0.0-20260630225837-18cddd03cacf/go.mod h1:ymmuFK2vxf+MfRHy36YnctXFoxTC1F6LDy28mf9vwEU=
github.com/gloo-foo/cmd-wc v0.0.0-20260630225830-785c48a27572 h1:PD4YNCIoMrelWQW0i4XTu6MurtrB7MHSirw2RCDpMB4=
github.com/gloo-foo/cmd-wc v0.0.0-20260630225830-785c48a27572/go.mod h1:kCDT2E0iWX0tkAE9H8D0YdIZLX4TYhSUN9AvdKeCjk0=
github.com/gloo-foo/cmd-xargs v0.0.0-20260630225833-54064d99b50d h1:F4NpFd40JEXsrDiTuyj1mgw70NxU7Cuz34X3YkCgV4s=
github.com/gloo-foo/cmd-xargs v0.0.0-20260630225833-54064d99b50d/go.mod h1:sT2jOVRwVTj8B6I05kyTdfTq/FXLEhW5lCA/ZjWyAVE=
github.com/gloo-foo/cmd-yes v0.0.0-20260630230011-2504066fd949 h1:0i6BkgtIo2l4TqFegoOqlE3B+M39xa8K08XXiMD3Zmg=
github.com/gloo-foo/cmd-yes v0.0.0-20260630230011-2504066fd949/go.mod h1:Agr5ClftntmW/OOIoFEnUERBCFD3BKdug7bXw8kJ7zc=
github.com/gloo-foo/framework v0.0.7 h1:hRJxPqaLbCaBdjLFiH+OJfwAwB3fTv2CZBYamTV9yUs=
github.com/gloo-foo/framework v0.0.7/go.mod h1:DtuZO+tFO9AZQLIETiWPNYovXim8bLqRX6VHe0T8eR0=
github.com/gloo-foo/testable v0.0.1 h1:SkzQ9t1PHqbWKqK5JZBed58Qh10XDb7TMC5ZctxXc54=
github.com/gloo-foo/testable v0.0.1/go.mod h1:bwLQpFs7heO3nuMoCbl3NHeR3GZO9Q0nZ0SgaVWii6Q=
github.com/gomatic/cirql v0.0.0-20260627185838-a9ce9bd0e588 h1:sMdrku60qE1DeVwkKHL5nVFiqbczhDYw295Pgfv0sAU=
github.com/gomatic/cirql v0.0.0-20260627185838-a9ce9bd0e588/go.mod h1:fviZUBVQpymXztuxYQ7uIbOrlLQsjmJYOjbazJUDj4k=
github.com/spf13/afero v1.15.0 h1:b/YBCLWAJdFWJTN9cLhiXXcD7mzKn9Dm86dNnfyQw1I=
github.com/spf13/afero v1.15.0/go.mod h1:NC2ByUVxtQs4b3sIUphxK0NioZnmxgyCrfzeuq8lxMg=
golang.org/x/exp v0.0.0-20260611194520-c48552f49976 h1:X8Hz2ImujgbmetVuW+w2YkyZChE3cBpZi2P158rTG9M=
golang.org/x/exp v0.0.0-20260611194520-c48552f49976/go.mod h1:vnf4pv9iKZXY58sQE1L86zmNWJ4159e1RkcWiLCkeEY=
golang.org/x/sys v0.46.0 h1:noSf2Fq6F8DBgS+LysIkx7rIExoNHJsxOAtPp4rthXw=
golang.org/x/sys v0.46.0/go.mod h1:4GL1E5IUh+htKOUEOaiffhrAeqysfVGipDYzABqnCmw=
golang.org/x/term v0.44.0 h1:0rLvDRCtNj0gZkyIXhCyOb2OAzEhLVqc4B+hrsBhrmc=
golang.org/x/term v0.44.0/go.mod h1:7ze4MdzUzLXpSAoFP1H0bOI9aXDqveSvatT5vKcFh2Y=
golang.org/x/text v0.38.0 h1:sXmwo9DwP3OK9EZ7PqAdaooSGozfl/3a6/xJcbzPRhE=
golang.org/x/text v0.38.0/go.mod h1:YXZt3QhHUKYT53r2lLKFIVi6Ao1jdzrTR/KQ09qyxF4=
