github.com/antlr4-go/antlr/v4 v4.13.1 h1:SqQKkuVZ+zWkMMNkjy5FZe5mr5WURWnlpmOuzYWrPrQ=
github.com/antlr4-go/antlr/v4 v4.13.1/go.mod h1:GKmUxMtwp6ZgGwZSva4eWPC5mS6vUAmOABFgjdkM7Nw=
github.com/davecgh/go-spew v1.1.1 h1:vj9j/u1bqnvCEfJOwUhtlOARqs3+rkHYY13jYWTU97c=
github.com/davecgh/go-spew v1.1.1/go.mod h1:J7Y8YcW2NihsgmVo/mv3lAwl/skON4iLHjSsI+c5H38=
github.com/destel/rill v0.8.1 h1:tJTit7kljOy2i2kqP4zHG1dUA452VpMK/myYRy5SY28=
github.com/destel/rill v0.8.1/go.mod h1:srKuXzvGqINUEGYR5b/iwvW+L9/S35RxVHWGYbXNoO4=
github.com/gloo-foo/cmd-base64 v0.1.11 h1:8kM+HHvUIpQ+hDu2149Yy2Zx15MbSKW/Y1YE3b6F7Gc=
github.com/gloo-foo/cmd-base64 v0.1.11/go.mod h1:cAHpktsp3jWVL+/I49FK6400vIc1c0z+b2gZJECuWp4=
github.com/gloo-foo/cmd-basename v0.1.13 h1:TX7EH6Jh5HC4ykobVXHQUO3/vCttmGdiisrhIZMbBcM=
github.com/gloo-foo/cmd-basename v0.1.13/go.mod h1:TNLsHaHTB6vR/MIvunfJB1RY1TQ0pJkmFqLIPGDxInM=
github.com/gloo-foo/cmd-cat v0.1.11 h1:hDcFYVSE5Rim34jl+F413eJHLioI4AHy1k1+Ib6vYns=
github.com/gloo-foo/cmd-cat v0.1.11/go.mod h1:jex3yovClDDMK4igwe7RRsyOpFK2crXUR/M8YE9+3o4=
github.com/gloo-foo/cmd-comm v0.1.12 h1:63e87Wb3m0SVIspaFaBvFCVD9uM9fyU7LLGxIOFgIvw=
github.com/gloo-foo/cmd-comm v0.1.12/go.mod h1:ns0MHESdFQ0le3HFpy8gE+/EITTrmoKiX7x3jWZXwFg=
github.com/gloo-foo/cmd-cut v0.1.11 h1:deB8ih/B8RqF63RpW/v7odi59mIr3RpI8QgylhCu4bI=
github.com/gloo-foo/cmd-cut v0.1.11/go.mod h1:6lvrsdQflVzufSbqB4RJd8VhpWdZrSsZIvlah1wAQuI=
github.com/gloo-foo/cmd-diff v0.1.12 h1:ByaA3NNbTVxlSvbf+URUrvHBCdqOZl3RRM1ic0ExM0U=
github.com/gloo-foo/cmd-diff v0.1.12/go.mod h1:BM2iEgluLIcFkEQR1kmcNgNplv6V8lpbbjifSJaokKY=
github.com/gloo-foo/cmd-dirname v0.1.11 h1:STqCcJ001XifIU5yh0lTYq9Ec3tWflv+gNMKVzM4NVE=
github.com/gloo-foo/cmd-dirname v0.1.11/go.mod h1:jJjBTBj2nJZFqxfLowA7djnHl2rJ6VEIDugT3aXT1dg=
github.com/gloo-foo/cmd-echo v0.1.11 h1:/ptaq+h9rUca/+8yqOOKPKsAfTbbc6J09k31oBKxu6s=
github.com/gloo-foo/cmd-echo v0.1.11/go.mod h1:qlGIS1IRyoN3zu59lxEb0/mds4QPcKIittIPHk4MyhA=
github.com/gloo-foo/cmd-emit v0.1.16 h1:yIvkYDnE3lCfrBwzJAmL9q8zqnQetEhzYXYuDz10eJg=
github.com/gloo-foo/cmd-emit v0.1.16/go.mod h1:xHbWi/7lj+FQysknGQEeyY583UClglePs7mw/yftS9E=
github.com/gloo-foo/cmd-exec v0.1.11 h1:T+r1EyWJ5CWDR/+GD9p7IveOWmJH2yuf/HesiM9syAs=
github.com/gloo-foo/cmd-exec v0.1.11/go.mod h1:EEOYRV4udtK5aGF6WpJYlX2o9h27DFu0wq1e1oY5H6Q=
github.com/gloo-foo/cmd-find v0.1.11 h1:QWRvWaY7cBEJpIpA+GlZ+KOaRXCOGrh8pPO0OxDyaJo=
github.com/gloo-foo/cmd-find v0.1.11/go.mod h1:oVPsWP1+84ELz0H5B+LtQYoe6Vr57vlvO43Ap8Y28Tc=
github.com/gloo-foo/cmd-git v0.1.11 h1:dRcdIOHyd7a5OoxnMGu135jKMfsaOvc5sLGYZzlC6mE=
github.com/gloo-foo/cmd-git v0.1.11/go.mod h1:9AfAcuSnjuVRAWK9JnwMxQmQrFPC9Fxb+stmE8X/yIU=
github.com/gloo-foo/cmd-grep v0.1.14 h1:k9DjC5CteqN3r2hrt7TKwF8/hhY7JvIiQP3iV7W6LK8=
github.com/gloo-foo/cmd-grep v0.1.14/go.mod h1:k6B8pbz8GvLKAVA7DMI/aJK4H9VHP0lvyYcPfFRtdfI=
github.com/gloo-foo/cmd-head v0.1.13 h1:JK2AhZS4paj1GmwlrTEeEW6xJLP4BBZegFEpy40Cfjo=
github.com/gloo-foo/cmd-head v0.1.13/go.mod h1:FBjmiOoEWSe9JId1yASlN9LyqJ2nRi5vbd3PwA8xQqs=
github.com/gloo-foo/cmd-hexdump v0.1.12 h1:l01hUKzUlqZQLxs/kk0M9Akl+6KUS83Vfh1mwQGnZB4=
github.com/gloo-foo/cmd-hexdump v0.1.12/go.mod h1:qhtU6BPae4wvaOmRHPZCbwjUMU/xkgFl+lCkCgjZc14=
github.com/gloo-foo/cmd-join v0.1.12 h1:ZP3N9Cfye5d6+/Mjxo0KrFTHJF0629tKQ4q0riMxJn4=
github.com/gloo-foo/cmd-join v0.1.12/go.mod h1:ZVCQEguifq6dXyWVByuFd+yCjSjo5m+NpfUet3saP0w=
github.com/gloo-foo/cmd-json v0.1.21 h1:Swk2TG0C49PXGVemKcJ1DOOAZPfKaoD6BS7lr/VqIZM=
github.com/gloo-foo/cmd-json v0.1.21/go.mod h1:9bTOlGn+d8B3mt8R6um+Iyr2CFl96QdVbmWlEJXDZNE=
github.com/gloo-foo/cmd-ls v0.1.11 h1:Zp7l3pzRl5u124CVovt08lY5FrZ5rBor4HKUm6xQsNo=
github.com/gloo-foo/cmd-ls v0.1.11/go.mod h1:rmVrM6SExegfDCsjMNWUiGV2nsaBszzVPJpuuVW/+Ks=
github.com/gloo-foo/cmd-nl v0.1.12 h1:150D0lJMEcDxZHUYHaFs14GPYSwIwVTdvbDXkDE2nVk=
github.com/gloo-foo/cmd-nl v0.1.12/go.mod h1:zJhWb2JGOqsNe6Xsl6CDePJTvq0rcNCsosvbGvmG7rs=
github.com/gloo-foo/cmd-paste v0.1.11 h1:Osu1wEQDqQ2j0SgyDZa+9hwVHNIXVlcCn8Jpuj3qOeE=
github.com/gloo-foo/cmd-paste v0.1.11/go.mod h1:oKa7avIR10N1NRniYvHH0XbTtau6qFeYRVnG+Sl82J0=
github.com/gloo-foo/cmd-perl v0.1.11 h1:KzThQjJAAh9hJyaJe//AGp5s0VISdRcKJafvBL6pH6c=
github.com/gloo-foo/cmd-perl v0.1.11/go.mod h1:w4VM+myZv7zfH72jAqhTiUHzgj+IaMUunls7N2atZRc=
github.com/gloo-foo/cmd-rev v0.1.11 h1:9MMD6DY3eFzUbchZjd5GSfEr9hwtIL4WQQJ6wIXK/yI=
github.com/gloo-foo/cmd-rev v0.1.11/go.mod h1:6p7H7ETbGZcn2mnB3iK1VYhcNeGvYGWy8/J7powKVLc=
github.com/gloo-foo/cmd-sed v0.1.12 h1:1gDaTB2yS1d5zG1WEjNAO1qGU8jtwzsX/DI1Gj6GTQI=
github.com/gloo-foo/cmd-sed v0.1.12/go.mod h1:LlJvMoSMvYnH6V7v/4hwYmy9vt/Rlx+cARrJmAzBnMY=
github.com/gloo-foo/cmd-seq v0.1.12 h1:Ju/bnYoTHQYtyrmGq2a8wu3tZxbBIx/cVxAx5rn7VU8=
github.com/gloo-foo/cmd-seq v0.1.12/go.mod h1:AIZvG1UlSmmtZK1yAunJlEQw3cjUp+aYvG7s6OHnI5Y=
github.com/gloo-foo/cmd-shuf v0.1.11 h1:mhW4436z9+0q8SaDEegmOLNO2AwigUne48tJ0EyosdM=
github.com/gloo-foo/cmd-shuf v0.1.11/go.mod h1:3vYRjqcG4NEB75pl2uNCoEa4fuV6oZPhZaIdZxnG+as=
github.com/gloo-foo/cmd-sort v0.1.12 h1:G2QxKi5+ch+pcwmky2pAjF5abUdTFz1edsNyzk84jNE=
github.com/gloo-foo/cmd-sort v0.1.12/go.mod h1:iqFMBJp/iQPPIxFcf5l4jVm/pUE+Eh3hLv1uN/gk3JI=
github.com/gloo-foo/cmd-split v0.1.11 h1:lGDmIjIodiMX4NKqlkRkxn0luJTbosRjLxfdaviKK/E=
github.com/gloo-foo/cmd-split v0.1.11/go.mod h1:OdIl4bw1AjmfHLbHKnLuA/Z119GGsfMKJZQvVAHCgnY=
github.com/gloo-foo/cmd-tac v0.1.11 h1:bP2jUzP9ZeJrXk6Q/zpSLd6daW5QhgpFkiqHHW1PujM=
github.com/gloo-foo/cmd-tac v0.1.11/go.mod h1:jvZJ+bStfoaiF95EqlA5Csr3cQqO5PEWg5q4htkKKaQ=
github.com/gloo-foo/cmd-tail v0.1.13 h1:ETQszpa8hB6b6eUAmmcR6jThQA+UcHTOjkOIJrBTpPE=
github.com/gloo-foo/cmd-tail v0.1.13/go.mod h1:2+Gy2Z+darPD5nNrGjKpMm9td6ZKRSp7iWRT2gZuxGo=
github.com/gloo-foo/cmd-tee v0.1.11 h1:s2+GPfCcAoHP7vGJIYMTcXTwFE+DZz1gtwp2VOz0SQE=
github.com/gloo-foo/cmd-tee v0.1.11/go.mod h1:YgaASwyQgRMg5kQ/mTJxLZiU3nYGy+dRB+AlXFNrcWg=
github.com/gloo-foo/cmd-tr v0.1.11 h1:p+lHjTUQ13xLNYPp5rCD2XyDuNwgqNUhqd5aT4aUcc4=
github.com/gloo-foo/cmd-tr v0.1.11/go.mod h1:R6XN/ejYkstociR4F7ieDEYqjpOT0m4dfRwvfZwXJMA=
github.com/gloo-foo/cmd-uniq v0.1.12 h1:4GHCMuGCEDE5soxCHXf/Brsb0DTg7yYFVlfPvU9B6aU=
github.com/gloo-foo/cmd-uniq v0.1.12/go.mod h1:Er4dGV1tCVVbBWPnLYFkH+sjL1f+369itKRg7QAsx4I=
github.com/gloo-foo/cmd-wc v0.1.11 h1:9u5zGQ5lxjLByt1InHJ4V6KQbCJvyQ0Cmcf/Y0WlhgI=
github.com/gloo-foo/cmd-wc v0.1.11/go.mod h1:f9Pb5ZXHYhZmJQQWLYd/iY8O/4TIDYuJEGul10npy0I=
github.com/gloo-foo/cmd-xargs v0.1.12 h1:7q/R3iXK2sGEm5oOmTxXCn4xL8OKOeLpEgjX76e7xOg=
github.com/gloo-foo/cmd-xargs v0.1.12/go.mod h1:sHy3uQI8/ucWncrQcbM1tjLI1aMQShPhM+2lCSeuMOs=
github.com/gloo-foo/cmd-yes v0.1.12 h1:IYE2ia6mdjQy2BU1ix8JFxQ7lzppCIagm819Y0LC5Tc=
github.com/gloo-foo/cmd-yes v0.1.12/go.mod h1:iHnpKlpO9u9CVAnwkakD1X6uyra7GO0SjcO0neFbkek=
github.com/gloo-foo/fn v0.1.7 h1:lVBfozIQvRPRjNXMenRLhXvgK+RvZQHGkHpgZ/sXqM4=
github.com/gloo-foo/fn v0.1.7/go.mod h1:4rAteKXW0Ifg/HQq834fEs9+ZlS98QLoEhbaqVb4rMA=
github.com/gloo-foo/framework v0.1.19 h1:yqH4pr6/zhI7g5unjEUs4/TTcgMNz/21r3sfIWnkyCE=
github.com/gloo-foo/framework v0.1.19/go.mod h1:PV3ZSxFusTD42RZYWlVhgfchx2mmx6mdIknEXkudEhw=
github.com/gloo-foo/testable v0.1.15 h1:JIcDZfhiTmQpLMzi6NqXaNFxh6SwPNXIxV3E8/in9+M=
github.com/gloo-foo/testable v0.1.15/go.mod h1:aXdpORcWr5nLKgBAOfLOK85vLx9LNPjQsv/feAHr0ls=
github.com/gomatic/cirql v0.1.12 h1:7q29DCxXe9LI2HJ540UnyH4NJFMXA3+eFp1Q20ldmUI=
github.com/gomatic/cirql v0.1.12/go.mod h1:xrBlC+YRSQO+CzDUfzc9sMTGWFxj8DxnEqvaPYZjtFw=
github.com/gomatic/go-error v0.3.10 h1:qvLwADrl+X3yRJ81a9NSMCGXGNWQ1LIvA5XY+l1FsYI=
github.com/gomatic/go-error v0.3.10/go.mod h1:vH7CFid9QE33lC7DQAjEajERg85PtTQzM8+pGTS5rac=
github.com/gomatic/go-json v0.0.8 h1:BtKBoyS/QTSrGxx+6k3t0zbhJMgAxj08itakxkqrZpk=
github.com/gomatic/go-json v0.0.8/go.mod h1:jzwXoZ++YC9Rwjlp02LUjJc4K1CBJFS08GbZQZV/OwU=
github.com/pmezard/go-difflib v1.0.0 h1:4DBwDE0NGyQoBHbLQYPwSUPoCMWR5BEzIk/f1lZbAQM=
github.com/pmezard/go-difflib v1.0.0/go.mod h1:iKH77koFhYxTK1pcRnkKkqfTogsbg7gZNVY4sRDYZ/4=
github.com/spf13/afero v1.15.0 h1:b/YBCLWAJdFWJTN9cLhiXXcD7mzKn9Dm86dNnfyQw1I=
github.com/spf13/afero v1.15.0/go.mod h1:NC2ByUVxtQs4b3sIUphxK0NioZnmxgyCrfzeuq8lxMg=
github.com/stretchr/testify v1.11.1 h1:7s2iGBzp5EwR7/aIZr8ao5+dra3wiQyKjjFuvgVKu7U=
github.com/stretchr/testify v1.11.1/go.mod h1:wZwfW3scLgRK+23gO65QZefKpKQRnfz6sD981Nm4B6U=
golang.org/x/exp v0.0.0-20260709172345-9ea1abe57597 h1:qLvzZeaANDgyVOA8pyHCOStGlXn0rseXma+GQjeuv2g=
golang.org/x/exp v0.0.0-20260709172345-9ea1abe57597/go.mod h1:EdfpwwqSu+0Li0mzskwHU6FWDV3t9Q+RZDo3QMUtL3Q=
golang.org/x/sys v0.47.0 h1:o7XGOvZQCADBQQ4Y7VNq2dRWQR7JmOUW8Kxx4ZsNgWs=
golang.org/x/sys v0.47.0/go.mod h1:4GL1E5IUh+htKOUEOaiffhrAeqysfVGipDYzABqnCmw=
golang.org/x/term v0.45.0 h1:NwWyBmoJCbfTHpxrWoZ9C6/VxOf7ic219I8xZZFdrf0=
golang.org/x/term v0.45.0/go.mod h1:9aqxs0blBcrm/n0L9QW0aRVD+ktan8ssZromtqJC43w=
golang.org/x/text v0.40.0 h1:Ub2Z6/xjgF1WrYQz2nuITOEegKFtiIy+rieRJ5lHZKs=
golang.org/x/text v0.40.0/go.mod h1:hpnzDAfGV753zIKo+wk3u1bVKCGPbrnF7+7LBF/UHVY=
gopkg.in/yaml.v3 v3.0.1 h1:fxVm/GzAzEWqLHuvctI91KS9hhNmmWOoWu0XTYJS7CA=
gopkg.in/yaml.v3 v3.0.1/go.mod h1:K4uyk7z7BCEPqu6E+C64Yfv1cQ7kz7rIZviUmN+EgEM=
